// !$*UTF8*$!
{
	archiveVersion = 1;
	classes = {
	};
	objectVersion = 50;
	objects = {

/* Begin PBXBuildFile section */
		1C51DD3928F1C73F00801A7E /* AppDelegate.swift in Sources */ = {isa = PBXBuildFile; fileRef = 1C51DD3828F1C73F00801A7E /* AppDelegate.swift */; };
		1C51DD3B28F1C73F00801A7E /* SceneDelegate.swift in Sources */ = {isa = PBXBuildFile; fileRef = 1C51DD3A28F1C73F00801A7E /* SceneDelegate.swift */; };
		1C51DD4228F1C74900801A7E /* Assets.xcassets in Resources */ = {isa = PBXBuildFile; fileRef = 1C51DD4128F1C74900801A7E /* Assets.xcassets */; };
		1C51DD4528F1C74900801A7E /* LaunchScreen.storyboard in Resources */ = {isa = PBXBuildFile; fileRef = 1C51DD4328F1C74900801A7E /* LaunchScreen.storyboard */; };
		1C51DDA128F1CB6900801A7E /* JKSTabBarController.swift in Sources */ = {isa = PBXBuildFile; fileRef = 1C51DDA028F1CB6900801A7E /* JKSTabBarController.swift */; };
		1C51DDDF28F1D0B200801A7E /* Shop.framework in Frameworks */ = {isa = PBXBuildFile; fileRef = 1C51DDDE28F1D0B200801A7E /* Shop.framework */; };
		1C51DDE028F1D0B200801A7E /* Shop.framework in Embed Frameworks */ = {isa = PBXBuildFile; fileRef = 1C51DDDE28F1D0B200801A7E /* Shop.framework */; settings = {ATTRIBUTES = (CodeSignOnCopy, RemoveHeadersOnCopy, ); }; };
		1C51DDFA28F27CB800801A7E /* Models.framework in Frameworks */ = {isa = PBXBuildFile; fileRef = 1C51DDF928F27CB800801A7E /* Models.framework */; };
		1C51DDFB28F27CB800801A7E /* Models.framework in Embed Frameworks */ = {isa = PBXBuildFile; fileRef = 1C51DDF928F27CB800801A7E /* Models.framework */; settings = {ATTRIBUTES = (CodeSignOnCopy, RemoveHeadersOnCopy, ); }; };
		1C51DE2828F28B8E00801A7E /* Service.framework in Frameworks */ = {isa = PBXBuildFile; fileRef = 1C51DE2728F28B8E00801A7E /* Service.framework */; };
		1C51DE2928F28B8E00801A7E /* Service.framework in Embed Frameworks */ = {isa = PBXBuildFile; fileRef = 1C51DE2728F28B8E00801A7E /* Service.framework */; settings = {ATTRIBUTES = (CodeSignOnCopy, RemoveHeadersOnCopy, ); }; };
/* End PBXBuildFile section */

/* Begin PBXCopyFilesBuildPhase section */
		1C51DDE128F1D0B300801A7E /* Embed Frameworks */ = {
			isa = PBXCopyFilesBuildPhase;
			buildActionMask = 2147483647;
			dstPath = "";
			dstSubfolderSpec = 10;
			files = (
				1C51DE2928F28B8E00801A7E /* Service.framework in Embed Frameworks */,
				1C51DDFB28F27CB800801A7E /* Models.framework in Embed Frameworks */,
				1C51DDE028F1D0B200801A7E /* Shop.framework in Embed Frameworks */,
			);
			name = "Embed Frameworks";
			runOnlyForDeploymentPostprocessing = 0;
		};
/* End PBXCopyFilesBuildPhase section */

/* Begin PBXFileReference section */
		1C51DD3528F1C73F00801A7E /* JKOShop_willchen.app */ = {isa = PBXFileReference; explicitFileType = wrapper.application; includeInIndex = 0; path = JKOShop_willchen.app; sourceTree = BUILT_PRODUCTS_DIR; };
		1C51DD3828F1C73F00801A7E /* AppDelegate.swift */ = {isa = PBXFileReference; lastKnownFileType = sourcecode.swift; path = AppDelegate.swift; sourceTree = "<group>"; };
		1C51DD3A28F1C73F00801A7E /* SceneDelegate.swift */ = {isa = PBXFileReference; lastKnownFileType = sourcecode.swift; path = SceneDelegate.swift; sourceTree = "<group>"; };
		1C51DD4128F1C74900801A7E /* Assets.xcassets */ = {isa = PBXFileReference; lastKnownFileType = folder.assetcatalog; path = Assets.xcassets; sourceTree = "<group>"; };
		1C51DD4428F1C74900801A7E /* Base */ = {isa = PBXFileReference; lastKnownFileType = file.storyboard; name = Base; path = Base.lproj/LaunchScreen.storyboard; sourceTree = "<group>"; };
		1C51DD4628F1C74900801A7E /* Info.plist */ = {isa = PBXFileReference; lastKnownFileType = text.plist.xml; path = Info.plist; sourceTree = "<group>"; };
		1C51DD9428F1CAEE00801A7E /* Shop.framework */ = {isa = PBXFileReference; explicitFileType = wrapper.framework; path = Shop.framework; sourceTree = BUILT_PRODUCTS_DIR; };
		1C51DDA028F1CB6900801A7E /* JKSTabBarController.swift */ = {isa = PBXFileReference; lastKnownFileType = sourcecode.swift; path = JKSTabBarController.swift; sourceTree = "<group>"; };
		1C51DDD228F1CF6B00801A7E /* Shop.framework */ = {isa = PBXFileReference; explicitFileType = wrapper.framework; path = Shop.framework; sourceTree = BUILT_PRODUCTS_DIR; };
		1C51DDDE28F1D0B200801A7E /* Shop.framework */ = {isa = PBXFileReference; explicitFileType = wrapper.framework; path = Shop.framework; sourceTree = BUILT_PRODUCTS_DIR; };
		1C51DDF928F27CB800801A7E /* Models.framework */ = {isa = PBXFileReference; explicitFileType = wrapper.framework; path = Models.framework; sourceTree = BUILT_PRODUCTS_DIR; };
		1C51DE2728F28B8E00801A7E /* Service.framework */ = {isa = PBXFileReference; explicitFileType = wrapper.framework; path = Service.framework; sourceTree = BUILT_PRODUCTS_DIR; };
		1CF1A86728F29EA0005FD2B2 /* Helper.framework */ = {isa = PBXFileReference; explicitFileType = wrapper.framework; path = Helper.framework; sourceTree = BUILT_PRODUCTS_DIR; };
/* End PBXFileReference section */

/* Begin PBXFrameworksBuildPhase section */
		1C51DD3228F1C73F00801A7E /* Frameworks */ = {
			isa = PBXFrameworksBuildPhase;
			buildActionMask = 2147483647;
			files = (
				1C51DE2828F28B8E00801A7E /* Service.framework in Frameworks */,
				1C51DDFA28F27CB800801A7E /* Models.framework in Frameworks */,
				1C51DDDF28F1D0B200801A7E /* Shop.framework in Frameworks */,
			);
			runOnlyForDeploymentPostprocessing = 0;
		};
/* End PBXFrameworksBuildPhase section */

/* Begin PBXGroup section */
		1C51DD2C28F1C73F00801A7E = {
			isa = PBXGroup;
			children = (
				1C51DD3728F1C73F00801A7E /* JKOShop_willchen */,
				1C51DD3628F1C73F00801A7E /* Products */,
				1C51DD9328F1CAEE00801A7E /* Frameworks */,
			);
			sourceTree = "<group>";
		};
		1C51DD3628F1C73F00801A7E /* Products */ = {
			isa = PBXGroup;
			children = (
				1C51DD3528F1C73F00801A7E /* JKOShop_willchen.app */,
			);
			name = Products;
			sourceTree = "<group>";
		};
		1C51DD3728F1C73F00801A7E /* JKOShop_willchen */ = {
			isa = PBXGroup;
			children = (
				1C51DDA228F1CC5800801A7E /* Sources */,
				1C51DD4F28F1C80500801A7E /* SupportingFiles */,
				1C51DD9F28F1CB3C00801A7E /* Controllers */,
				1C51DDA328F1CC6700801A7E /* Views */,
			);
			path = JKOShop_willchen;
			sourceTree = "<group>";
		};
		1C51DD4F28F1C80500801A7E /* SupportingFiles */ = {
			isa = PBXGroup;
			children = (
				1C51DD3828F1C73F00801A7E /* AppDelegate.swift */,
				1C51DD3A28F1C73F00801A7E /* SceneDelegate.swift */,
				1C51DD4628F1C74900801A7E /* Info.plist */,
			);
			path = SupportingFiles;
			sourceTree = "<group>";
		};
		1C51DD9328F1CAEE00801A7E /* Frameworks */ = {
			isa = PBXGroup;
			children = (
				1CF1A86728F29EA0005FD2B2 /* Helper.framework */,
				1C51DE2728F28B8E00801A7E /* Service.framework */,
				1C51DDF928F27CB800801A7E /* Models.framework */,
				1C51DDDE28F1D0B200801A7E /* Shop.framework */,
				1C51DDD228F1CF6B00801A7E /* Shop.framework */,
				1C51DD9428F1CAEE00801A7E /* Shop.framework */,
			);
			name = Frameworks;
			sourceTree = "<group>";
		};
		1C51DD9F28F1CB3C00801A7E /* Controllers */ = {
			isa = PBXGroup;
			children = (
				1C51DDA028F1CB6900801A7E /* JKSTabBarController.swift */,
			);
			path = Controllers;
			sourceTree = "<group>";
		};
		1C51DDA228F1CC5800801A7E /* Sources */ = {
			isa = PBXGroup;
			children = (
				1C51DD4128F1C74900801A7E /* Assets.xcassets */,
			);
			path = Sources;
			sourceTree = "<group>";
		};
		1C51DDA328F1CC6700801A7E /* Views */ = {
			isa = PBXGroup;
			children = (
				1C51DD4328F1C74900801A7E /* LaunchScreen.storyboard */,
			);
			path = Views;
			sourceTree = "<group>";
		};
/* End PBXGroup section */

/* Begin PBXNativeTarget section */
		1C51DD3428F1C73F00801A7E /* JKOShop_willchen */ = {
			isa = PBXNativeTarget;
			buildConfigurationList = 1C51DD4928F1C74900801A7E /* Build configuration list for PBXNativeTarget "JKOShop_willchen" */;
			buildPhases = (
				1C51DD3128F1C73F00801A7E /* Sources */,
				1C51DD3228F1C73F00801A7E /* Frameworks */,
				1C51DD3328F1C73F00801A7E /* Resources */,
				1C51DDE128F1D0B300801A7E /* Embed Frameworks */,
			);
			buildRules = (
			);
			dependencies = (
			);
			name = JKOShop_willchen;
			productName = JKOShop_willchen;
			productReference = 1C51DD3528F1C73F00801A7E /* JKOShop_willchen.app */;
			productType = "com.apple.product-type.application";
		};
/* End PBXNativeTarget section */

/* Begin PBXProject section */
		1C51DD2D28F1C73F00801A7E /* Project object */ = {
			isa = PBXProject;
			attributes = {
				LastSwiftUpdateCheck = 1230;
				LastUpgradeCheck = 1230;
				TargetAttributes = {
					1C51DD3428F1C73F00801A7E = {
						CreatedOnToolsVersion = 12.3;
					};
				};
			};
			buildConfigurationList = 1C51DD3028F1C73F00801A7E /* Build configuration list for PBXProject "JKOShop_willchen" */;
			compatibilityVersion = "Xcode 9.3";
			developmentRegion = en;
			hasScannedForEncodings = 0;
			knownRegions = (
				en,
				Base,
			);
			mainGroup = 1C51DD2C28F1C73F00801A7E;
			productRefGroup = 1C51DD3628F1C73F00801A7E /* Products */;
			projectDirPath = "";
			projectRoot = "";
			targets = (
				1C51DD3428F1C73F00801A7E /* JKOShop_willchen */,
			);
		};
/* End PBXProject section */

/* Begin PBXResourcesBuildPhase section */
		1C51DD3328F1C73F00801A7E /* Resources */ = {
			isa = PBXResourcesBuildPhase;
			buildActionMask = 2147483647;
			files = (
				1C51DD4528F1C74900801A7E /* LaunchScreen.storyboard in Resources */,
				1C51DD4228F1C74900801A7E /* Assets.xcassets in Resources */,
			);
			runOnlyForDeploymentPostprocessing = 0;
		};
/* End PBXResourcesBuildPhase section */

/* Begin PBXSourcesBuildPhase section */
		1C51DD3128F1C73F00801A7E /* Sources */ = {
			isa = PBXSourcesBuildPhase;
			buildActionMask = 2147483647;
			files = (
				1C51DD3928F1C73F00801A7E /* AppDelegate.swift in Sources */,
				1C51DD3B28F1C73F00801A7E /* SceneDelegate.swift in Sources */,
				1C51DDA128F1CB6900801A7E /* JKSTabBarController.swift in Sources */,
			);
			runOnlyForDeploymentPostprocessing = 0;
		};
/* End PBXSourcesBuildPhase section */

/* Begin PBXVariantGroup section */
		1C51DD4328F1C74900801A7E /* LaunchScreen.storyboard */ = {
			isa = PBXVariantGroup;
			children = (
				1C51DD4428F1C74900801A7E /* Base */,
			);
			name = LaunchScreen.storyboard;
			sourceTree = "<group>";
		};
/* End PBXVariantGroup section */

/* Begin XCBuildConfiguration section */
		1C51DD4728F1C74900801A7E /* Debug */ = {
			isa = XCBuildConfiguration;
			buildSettings = {
				ALWAYS_SEARCH_USER_PATHS = NO;
				CLANG_ANALYZER_NONNULL = YES;
				CLANG_ANALYZER_NUMBER_OBJECT_CONVERSION = YES_AGGRESSIVE;
				CLANG_CXX_LANGUAGE_STANDARD = "gnu++14";
				CLANG_CXX_LIBRARY = "libc++";
				CLANG_ENABLE_MODULES = YES;
				CLANG_ENABLE_OBJC_ARC = YES;
				CLANG_ENABLE_OBJC_WEAK = YES;
				CLANG_WARN_BLOCK_CAPTURE_AUTORELEASING = YES;
				CLANG_WARN_BOOL_CONVERSION = YES;
				CLANG_WARN_COMMA = YES;
				CLANG_WARN_CONSTANT_CONVERSION = YES;
				CLANG_WARN_DEPRECATED_OBJC_IMPLEMENTATIONS = YES;
				CLANG_WARN_DIRECT_OBJC_ISA_USAGE = YES_ERROR;
				CLANG_WARN_DOCUMENTATION_COMMENTS = YES;
				CLANG_WARN_EMPTY_BODY = YES;
				CLANG_WARN_ENUM_CONVERSION = YES;
				CLANG_WARN_INFINITE_RECURSION = YES;
				CLANG_WARN_INT_CONVERSION = YES;
				CLANG_WARN_NON_LITERAL_NULL_CONVERSION = YES;
				CLANG_WARN_OBJC_IMPLICIT_RETAIN_SELF = YES;
				CLANG_WARN_OBJC_LITERAL_CONVERSION = YES;
				CLANG_WARN_OBJC_ROOT_CLASS = YES_ERROR;
				CLANG_WARN_QUOTED_INCLUDE_IN_FRAMEWORK_HEADER = YES;
				CLANG_WARN_RANGE_LOOP_ANALYSIS = YES;
				CLANG_WARN_STRICT_PROTOTYPES = YES;
				CLANG_WARN_SUSPICIOUS_MOVE = YES;
				CLANG_WARN_UNGUARDED_AVAILABILITY = YES_AGGRESSIVE;
				CLANG_WARN_UNREACHABLE_CODE = YES;
				CLANG_WARN__DUPLICATE_METHOD_MATCH = YES;
				COPY_PHASE_STRIP = NO;
				DEBUG_INFORMATION_FORMAT = dwarf;
				ENABLE_STRICT_OBJC_MSGSEND = YES;
				ENABLE_TESTABILITY = YES;
				GCC_C_LANGUAGE_STANDARD = gnu11;
				GCC_DYNAMIC_NO_PIC = NO;
				GCC_NO_COMMON_BLOCKS = YES;
				GCC_OPTIMIZATION_LEVEL = 0;
				GCC_PREPROCESSOR_DEFINITIONS = (
					"DEBUG=1",
					"$(inherited)",
				);
				GCC_WARN_64_TO_32_BIT_CONVERSION = YES;
				GCC_WARN_ABOUT_RETURN_TYPE = YES_ERROR;
				GCC_WARN_UNDECLARED_SELECTOR = YES;
				GCC_WARN_UNINITIALIZED_AUTOS = YES_AGGRESSIVE;
				GCC_WARN_UNUSED_FUNCTION = YES;
				GCC_WARN_UNUSED_VARIABLE = YES;
				IPHONEOS_DEPLOYMENT_TARGET = 14.3;
				MTL_ENABLE_DEBUG_INFO = INCLUDE_SOURCE;
				MTL_FAST_MATH = YES;
				ONLY_ACTIVE_ARCH = YES;
				SDKROOT = iphoneos;
				SWIFT_ACTIVE_COMPILATION_CONDITIONS = DEBUG;
				SWIFT_OPTIMIZATION_LEVEL = "-Onone";
			};
			name = Debug;
		};
		1C51DD4828F1C74900801A7E /* Release */ = {
			isa = XCBuildConfiguration;
			buildSettings = {
				ALWAYS_SEARCH_USER_PATHS = NO;
				CLANG_ANALYZER_NONNULL = YES;
				CLANG_ANALYZER_NUMBER_OBJECT_CONVERSION = YES_AGGRESSIVE;
				CLANG_CXX_LANGUAGE_STANDARD = "gnu++14";
				CLANG_CXX_LIBRARY = "libc++";
				CLANG_ENABLE_MODULES = YES;
				CLANG_ENABLE_OBJC_ARC = YES;
				CLANG_ENABLE_OBJC_WEAK = YES;
				CLANG_WARN_BLOCK_CAPTURE_AUTORELEASING = YES;
				CLANG_WARN_BOOL_CONVERSION = YES;
				CLANG_WARN_COMMA = YES;
				CLANG_WARN_CONSTANT_CONVERSION = YES;
				CLANG_WARN_DEPRECATED_OBJC_IMPLEMENTATIONS = YES;
				CLANG_WARN_DIRECT_OBJC_ISA_USAGE = YES_ERROR;
				CLANG_WARN_DOCUMENTATION_COMMENTS = YES;
				CLANG_WARN_EMPTY_BODY = YES;
				CLANG_WARN_ENUM_CONVERSION = YES;
				CLANG_WARN_INFINITE_RECURSION = YES;
				CLANG_WARN_INT_CONVERSION = YES;
				CLANG_WARN_NON_LITERAL_NULL_CONVERSION = YES;
				CLANG_WARN_OBJC_IMPLICIT_RETAIN_SELF = YES;
				CLANG_WARN_OBJC_LITERAL_CONVERSION = YES;
				CLANG_WARN_OBJC_ROOT_CLASS = YES_ERROR;
				CLANG_WARN_QUOTED_INCLUDE_IN_FRAMEWORK_HEADER = YES;
				CLANG_WARN_RANGE_LOOP_ANALYSIS = YES;
				CLANG_WARN_STRICT_PROTOTYPES = YES;
				CLANG_WARN_SUSPICIOUS_MOVE = YES;
				CLANG_WARN_UNGUARDED_AVAILABILITY = YES_AGGRESSIVE;
				CLANG_WARN_UNREACHABLE_CODE = YES;
				CLANG_WARN__DUPLICATE_METHOD_MATCH = YES;
				COPY_PHASE_STRIP = NO;
				DEBUG_INFORMATION_FORMAT = "dwarf-with-dsym";
				ENABLE_NS_ASSERTIONS = NO;
				ENABLE_STRICT_OBJC_MSGSEND = YES;
				GCC_C_LANGUAGE_STANDARD = gnu11;
				GCC_NO_COMMON_BLOCKS = YES;
				GCC_WARN_64_TO_32_BIT_CONVERSION = YES;
				GCC_WARN_ABOUT_RETURN_TYPE = YES_ERROR;
				GCC_WARN_UNDECLARED_SELECTOR = YES;
				GCC_WARN_UNINITIALIZED_AUTOS = YES_AGGRESSIVE;
				GCC_WARN_UNUSED_FUNCTION = YES;
				GCC_WARN_UNUSED_VARIABLE = YES;
				IPHONEOS_DEPLOYMENT_TARGET = 14.3;
				MTL_ENABLE_DEBUG_INFO = NO;
				MTL_FAST_MATH = YES;
				SDKROOT = iphoneos;
				SWIFT_COMPILATION_MODE = wholemodule;
				SWIFT_OPTIMIZATION_LEVEL = "-O";
				VALIDATE_PRODUCT = YES;
			};
			name = Release;
		};
		1C51DD4A28F1C74900801A7E /* Debug */ = {
			isa = XCBuildConfiguration;
			buildSettings = {
				ALWAYS_EMBED_SWIFT_STANDARD_LIBRARIES = YES;
				ASSETCATALOG_COMPILER_APPICON_NAME = AppIcon;
				ASSETCATALOG_COMPILER_GLOBAL_ACCENT_COLOR_NAME = AccentColor;
				CODE_SIGN_STYLE = Automatic;
				DEVELOPMENT_TEAM = 93H5743QJF;
				INFOPLIST_FILE = JKOShop_willchen/SupportingFiles/Info.plist;
				LD_RUNPATH_SEARCH_PATHS = (
					"$(inherited)",
					"@executable_path/Frameworks",
				);
				PRODUCT_BUNDLE_IDENTIFIER = "com.willchen.JKOShop-willchen";
				PRODUCT_NAME = "$(TARGET_NAME)";
				SWIFT_VERSION = 5.0;
				TARGETED_DEVICE_FAMILY = "1,2";
			};
			name = Debug;
		};
		1C51DD4B28F1C74900801A7E /* Release */ = {
			isa = XCBuildConfiguration;
			buildSettings = {
				ALWAYS_EMBED_SWIFT_STANDARD_LIBRARIES = YES;
				ASSETCATALOG_COMPILER_APPICON_NAME = AppIcon;
				ASSETCATALOG_COMPILER_GLOBAL_ACCENT_COLOR_NAME = AccentColor;
				CODE_SIGN_STYLE = Automatic;
				DEVELOPMENT_TEAM = 93H5743QJF;
				INFOPLIST_FILE = JKOShop_willchen/SupportingFiles/Info.plist;
				LD_RUNPATH_SEARCH_PATHS = (
					"$(inherited)",
					"@executable_path/Frameworks",
				);
				PRODUCT_BUNDLE_IDENTIFIER = "com.willchen.JKOShop-willchen";
				PRODUCT_NAME = "$(TARGET_NAME)";
				SWIFT_VERSION = 5.0;
				TARGETED_DEVICE_FAMILY = "1,2";
			};
			name = Release;
		};
/* End XCBuildConfiguration section */

/* Begin XCConfigurationList section */
		1C51DD3028F1C73F00801A7E /* Build configuration list for PBXProject "JKOShop_willchen" */ = {
			isa = XCConfigurationList;
			buildConfigurations = (
				1C51DD4728F1C74900801A7E /* Debug */,
				1C51DD4828F1C74900801A7E /* Release */,
			);
			defaultConfigurationIsVisible = 0;
			defaultConfigurationName = Release;
		};
		1C51DD4928F1C74900801A7E /* Build configuration list for PBXNativeTarget "JKOShop_willchen" */ = {
			isa = XCConfigurationList;
			buildConfigurations = (
				1C51DD4A28F1C74900801A7E /* Debug */,
				1C51DD4B28F1C74900801A7E /* Release */,
			);
			defaultConfigurationIsVisible = 0;
			defaultConfigurationName = Release;
		};
/* End XCConfigurationList section */
	};
	rootObject = 1C51DD2D28F1C73F00801A7E /* Project object */;
}
