// !$*UTF8*$!
{
	archiveVersion = 1;
	classes = {
	};
	objectVersion = 50;
	objects = {

/* Begin PBXBuildFile section */
		1CF1A8D028F2BF80005FD2B2 /* Cart.h in Headers */ = {isa = PBXBuildFile; fileRef = 1CF1A8CE28F2BF80005FD2B2 /* Cart.h */; settings = {ATTRIBUTES = (Public, ); }; };
		1CF1A8DC28F2C020005FD2B2 /* CartViewController.swift in Sources */ = {isa = PBXBuildFile; fileRef = 1CF1A8DA28F2C020005FD2B2 /* CartViewController.swift */; };
		1CF1A8DD28F2C020005FD2B2 /* CartViewController.xib in Resources */ = {isa = PBXBuildFile; fileRef = 1CF1A8DB28F2C020005FD2B2 /* CartViewController.xib */; };
		1CF1A91D28F2D517005FD2B2 /* CartItemCell.swift in Sources */ = {isa = PBXBuildFile; fileRef = 1CF1A91B28F2D517005FD2B2 /* CartItemCell.swift */; };
		1CF1A91E28F2D517005FD2B2 /* CartItemCell.xib in Resources */ = {isa = PBXBuildFile; fileRef = 1CF1A91C28F2D517005FD2B2 /* CartItemCell.xib */; };
/* End PBXBuildFile section */

/* Begin PBXFileReference section */
		1CF1A8CB28F2BF80005FD2B2 /* Cart.framework */ = {isa = PBXFileReference; explicitFileType = wrapper.framework; includeInIndex = 0; path = Cart.framework; sourceTree = BUILT_PRODUCTS_DIR; };
		1CF1A8CE28F2BF80005FD2B2 /* Cart.h */ = {isa = PBXFileReference; lastKnownFileType = sourcecode.c.h; path = Cart.h; sourceTree = "<group>"; };
		1CF1A8CF28F2BF80005FD2B2 /* Info.plist */ = {isa = PBXFileReference; lastKnownFileType = text.plist.xml; path = Info.plist; sourceTree = "<group>"; };
		1CF1A8DA28F2C020005FD2B2 /* CartViewController.swift */ = {isa = PBXFileReference; lastKnownFileType = sourcecode.swift; path = CartViewController.swift; sourceTree = "<group>"; };
		1CF1A8DB28F2C020005FD2B2 /* CartViewController.xib */ = {isa = PBXFileReference; lastKnownFileType = file.xib; path = CartViewController.xib; sourceTree = "<group>"; };
		1CF1A91B28F2D517005FD2B2 /* CartItemCell.swift */ = {isa = PBXFileReference; lastKnownFileType = sourcecode.swift; path = CartItemCell.swift; sourceTree = "<group>"; };
		1CF1A91C28F2D517005FD2B2 /* CartItemCell.xib */ = {isa = PBXFileReference; lastKnownFileType = file.xib; path = CartItemCell.xib; sourceTree = "<group>"; };
/* End PBXFileReference section */

/* Begin PBXFrameworksBuildPhase section */
		1CF1A8C828F2BF80005FD2B2 /* Frameworks */ = {
			isa = PBXFrameworksBuildPhase;
			buildActionMask = 2147483647;
			files = (
			);
			runOnlyForDeploymentPostprocessing = 0;
		};
/* End PBXFrameworksBuildPhase section */

/* Begin PBXGroup section */
		1CF1A8C128F2BF80005FD2B2 = {
			isa = PBXGroup;
			children = (
				1CF1A8CD28F2BF80005FD2B2 /* Cart */,
				1CF1A8CC28F2BF80005FD2B2 /* Products */,
			);
			sourceTree = "<group>";
		};
		1CF1A8CC28F2BF80005FD2B2 /* Products */ = {
			isa = PBXGroup;
			children = (
				1CF1A8CB28F2BF80005FD2B2 /* Cart.framework */,
			);
			name = Products;
			sourceTree = "<group>";
		};
		1CF1A8CD28F2BF80005FD2B2 /* Cart */ = {
			isa = PBXGroup;
			children = (
				1CF1A8D728F2BFB0005FD2B2 /* SupportingFiles */,
				1CF1A8D828F2BFF0005FD2B2 /* ViewControllers */,
				1CF1A91928F2D4F2005FD2B2 /* Views */,
			);
			path = Cart;
			sourceTree = "<group>";
		};
		1CF1A8D728F2BFB0005FD2B2 /* SupportingFiles */ = {
			isa = PBXGroup;
			children = (
				1CF1A8CE28F2BF80005FD2B2 /* Cart.h */,
				1CF1A8CF28F2BF80005FD2B2 /* Info.plist */,
			);
			path = SupportingFiles;
			sourceTree = "<group>";
		};
		1CF1A8D828F2BFF0005FD2B2 /* ViewControllers */ = {
			isa = PBXGroup;
			children = (
				1CF1A8D928F2C008005FD2B2 /* CartViewController */,
			);
			path = ViewControllers;
			sourceTree = "<group>";
		};
		1CF1A8D928F2C008005FD2B2 /* CartViewController */ = {
			isa = PBXGroup;
			children = (
				1CF1A8DA28F2C020005FD2B2 /* CartViewController.swift */,
				1CF1A8DB28F2C020005FD2B2 /* CartViewController.xib */,
			);
			path = CartViewController;
			sourceTree = "<group>";
		};
		1CF1A91928F2D4F2005FD2B2 /* Views */ = {
			isa = PBXGroup;
			children = (
				1CF1A91A28F2D4FA005FD2B2 /* CartItemCell */,
			);
			path = Views;
			sourceTree = "<group>";
		};
		1CF1A91A28F2D4FA005FD2B2 /* CartItemCell */ = {
			isa = PBXGroup;
			children = (
				1CF1A91B28F2D517005FD2B2 /* CartItemCell.swift */,
				1CF1A91C28F2D517005FD2B2 /* CartItemCell.xib */,
			);
			path = CartItemCell;
			sourceTree = "<group>";
		};
/* End PBXGroup section */

/* Begin PBXHeadersBuildPhase section */
		1CF1A8C628F2BF80005FD2B2 /* Headers */ = {
			isa = PBXHeadersBuildPhase;
			buildActionMask = 2147483647;
			files = (
				1CF1A8D028F2BF80005FD2B2 /* Cart.h in Headers */,
			);
			runOnlyForDeploymentPostprocessing = 0;
		};
/* End PBXHeadersBuildPhase section */

/* Begin PBXNativeTarget section */
		1CF1A8CA28F2BF80005FD2B2 /* Cart */ = {
			isa = PBXNativeTarget;
			buildConfigurationList = 1CF1A8D328F2BF80005FD2B2 /* Build configuration list for PBXNativeTarget "Cart" */;
			buildPhases = (
				1CF1A8C628F2BF80005FD2B2 /* Headers */,
				1CF1A8C728F2BF80005FD2B2 /* Sources */,
				1CF1A8C828F2BF80005FD2B2 /* Frameworks */,
				1CF1A8C928F2BF80005FD2B2 /* Resources */,
			);
			buildRules = (
			);
			dependencies = (
			);
			name = Cart;
			productName = Cart;
			productReference = 1CF1A8CB28F2BF80005FD2B2 /* Cart.framework */;
			productType = "com.apple.product-type.framework";
		};
/* End PBXNativeTarget section */

/* Begin PBXProject section */
		1CF1A8C228F2BF80005FD2B2 /* Project object */ = {
			isa = PBXProject;
			attributes = {
				LastUpgradeCheck = 1230;
				TargetAttributes = {
					1CF1A8CA28F2BF80005FD2B2 = {
						CreatedOnToolsVersion = 12.3;
						LastSwiftMigration = 1230;
					};
				};
			};
			buildConfigurationList = 1CF1A8C528F2BF80005FD2B2 /* Build configuration list for PBXProject "Cart" */;
			compatibilityVersion = "Xcode 9.3";
			developmentRegion = en;
			hasScannedForEncodings = 0;
			knownRegions = (
				en,
				Base,
			);
			mainGroup = 1CF1A8C128F2BF80005FD2B2;
			productRefGroup = 1CF1A8CC28F2BF80005FD2B2 /* Products */;
			projectDirPath = "";
			projectRoot = "";
			targets = (
				1CF1A8CA28F2BF80005FD2B2 /* Cart */,
			);
		};
/* End PBXProject section */

/* Begin PBXResourcesBuildPhase section */
		1CF1A8C928F2BF80005FD2B2 /* Resources */ = {
			isa = PBXResourcesBuildPhase;
			buildActionMask = 2147483647;
			files = (
				1CF1A91E28F2D517005FD2B2 /* CartItemCell.xib in Resources */,
				1CF1A8DD28F2C020005FD2B2 /* CartViewController.xib in Resources */,
			);
			runOnlyForDeploymentPostprocessing = 0;
		};
/* End PBXResourcesBuildPhase section */

/* Begin PBXSourcesBuildPhase section */
		1CF1A8C728F2BF80005FD2B2 /* Sources */ = {
			isa = PBXSourcesBuildPhase;
			buildActionMask = 2147483647;
			files = (
				1CF1A91D28F2D517005FD2B2 /* CartItemCell.swift in Sources */,
				1CF1A8DC28F2C020005FD2B2 /* CartViewController.swift in Sources */,
			);
			runOnlyForDeploymentPostprocessing = 0;
		};
/* End PBXSourcesBuildPhase section */

/* Begin XCBuildConfiguration section */
		1CF1A8D128F2BF80005FD2B2 /* Debug */ = {
			isa = XCBuildConfiguration;
			buildSettings = {
				ALWAYS_SEARCH_USER_PATHS = NO;
				CLANG_ANALYZER_NONNULL = YES;
				CLANG_ANALYZER_NUMBER_OBJECT_CONVERSION = YES_AGGRESSIVE;
				CLANG_CXX_LANGUAGE_STANDARD = "gnu++14";
				CLANG_CXX_LIBRARY = "libc++";
				CLANG_ENABLE_MODULES = YES;
				CLANG_ENABLE_OBJC_ARC = YES;
				CLANG_ENABLE_OBJC_WEAK = YES;
				CLANG_WARN_BLOCK_CAPTURE_AUTORELEASING = YES;
				CLANG_WARN_BOOL_CONVERSION = YES;
				CLANG_WARN_COMMA = YES;
				CLANG_WARN_CONSTANT_CONVERSION = YES;
				CLANG_WARN_DEPRECATED_OBJC_IMPLEMENTATIONS = YES;
				CLANG_WARN_DIRECT_OBJC_ISA_USAGE = YES_ERROR;
				CLANG_WARN_DOCUMENTATION_COMMENTS = YES;
				CLANG_WARN_EMPTY_BODY = YES;
				CLANG_WARN_ENUM_CONVERSION = YES;
				CLANG_WARN_INFINITE_RECURSION = YES;
				CLANG_WARN_INT_CONVERSION = YES;
				CLANG_WARN_NON_LITERAL_NULL_CONVERSION = YES;
				CLANG_WARN_OBJC_IMPLICIT_RETAIN_SELF = YES;
				CLANG_WARN_OBJC_LITERAL_CONVERSION = YES;
				CLANG_WARN_OBJC_ROOT_CLASS = YES_ERROR;
				CLANG_WARN_QUOTED_INCLUDE_IN_FRAMEWORK_HEADER = YES;
				CLANG_WARN_RANGE_LOOP_ANALYSIS = YES;
				CLANG_WARN_STRICT_PROTOTYPES = YES;
				CLANG_WARN_SUSPICIOUS_MOVE = YES;
				CLANG_WARN_UNGUARDED_AVAILABILITY = YES_AGGRESSIVE;
				CLANG_WARN_UNREACHABLE_CODE = YES;
				CLANG_WARN__DUPLICATE_METHOD_MATCH = YES;
				COPY_PHASE_STRIP = NO;
				CURRENT_PROJECT_VERSION = 1;
				DEBUG_INFORMATION_FORMAT = dwarf;
				ENABLE_STRICT_OBJC_MSGSEND = YES;
				ENABLE_TESTABILITY = YES;
				GCC_C_LANGUAGE_STANDARD = gnu11;
				GCC_DYNAMIC_NO_PIC = NO;
				GCC_NO_COMMON_BLOCKS = YES;
				GCC_OPTIMIZATION_LEVEL = 0;
				GCC_PREPROCESSOR_DEFINITIONS = (
					"DEBUG=1",
					"$(inherited)",
				);
				GCC_WARN_64_TO_32_BIT_CONVERSION = YES;
				GCC_WARN_ABOUT_RETURN_TYPE = YES_ERROR;
				GCC_WARN_UNDECLARED_SELECTOR = YES;
				GCC_WARN_UNINITIALIZED_AUTOS = YES_AGGRESSIVE;
				GCC_WARN_UNUSED_FUNCTION = YES;
				GCC_WARN_UNUSED_VARIABLE = YES;
				IPHONEOS_DEPLOYMENT_TARGET = 14.3;
				MTL_ENABLE_DEBUG_INFO = INCLUDE_SOURCE;
				MTL_FAST_MATH = YES;
				ONLY_ACTIVE_ARCH = YES;
				SDKROOT = iphoneos;
				SWIFT_ACTIVE_COMPILATION_CONDITIONS = DEBUG;
				SWIFT_OPTIMIZATION_LEVEL = "-Onone";
				VERSIONING_SYSTEM = "apple-generic";
				VERSION_INFO_PREFIX = "";
			};
			name = Debug;
		};
		1CF1A8D228F2BF80005FD2B2 /* Release */ = {
			isa = XCBuildConfiguration;
			buildSettings = {
				ALWAYS_SEARCH_USER_PATHS = NO;
				CLANG_ANALYZER_NONNULL = YES;
				CLANG_ANALYZER_NUMBER_OBJECT_CONVERSION = YES_AGGRESSIVE;
				CLANG_CXX_LANGUAGE_STANDARD = "gnu++14";
				CLANG_CXX_LIBRARY = "libc++";
				CLANG_ENABLE_MODULES = YES;
				CLANG_ENABLE_OBJC_ARC = YES;
				CLANG_ENABLE_OBJC_WEAK = YES;
				CLANG_WARN_BLOCK_CAPTURE_AUTORELEASING = YES;
				CLANG_WARN_BOOL_CONVERSION = YES;
				CLANG_WARN_COMMA = YES;
				CLANG_WARN_CONSTANT_CONVERSION = YES;
				CLANG_WARN_DEPRECATED_OBJC_IMPLEMENTATIONS = YES;
				CLANG_WARN_DIRECT_OBJC_ISA_USAGE = YES_ERROR;
				CLANG_WARN_DOCUMENTATION_COMMENTS = YES;
				CLANG_WARN_EMPTY_BODY = YES;
				CLANG_WARN_ENUM_CONVERSION = YES;
				CLANG_WARN_INFINITE_RECURSION = YES;
				CLANG_WARN_INT_CONVERSION = YES;
				CLANG_WARN_NON_LITERAL_NULL_CONVERSION = YES;
				CLANG_WARN_OBJC_IMPLICIT_RETAIN_SELF = YES;
				CLANG_WARN_OBJC_LITERAL_CONVERSION = YES;
				CLANG_WARN_OBJC_ROOT_CLASS = YES_ERROR;
				CLANG_WARN_QUOTED_INCLUDE_IN_FRAMEWORK_HEADER = YES;
				CLANG_WARN_RANGE_LOOP_ANALYSIS = YES;
				CLANG_WARN_STRICT_PROTOTYPES = YES;
				CLANG_WARN_SUSPICIOUS_MOVE = YES;
				CLANG_WARN_UNGUARDED_AVAILABILITY = YES_AGGRESSIVE;
				CLANG_WARN_UNREACHABLE_CODE = YES;
				CLANG_WARN__DUPLICATE_METHOD_MATCH = YES;
				COPY_PHASE_STRIP = NO;
				CURRENT_PROJECT_VERSION = 1;
				DEBUG_INFORMATION_FORMAT = "dwarf-with-dsym";
				ENABLE_NS_ASSERTIONS = NO;
				ENABLE_STRICT_OBJC_MSGSEND = YES;
				GCC_C_LANGUAGE_STANDARD = gnu11;
				GCC_NO_COMMON_BLOCKS = YES;
				GCC_WARN_64_TO_32_BIT_CONVERSION = YES;
				GCC_WARN_ABOUT_RETURN_TYPE = YES_ERROR;
				GCC_WARN_UNDECLARED_SELECTOR = YES;
				GCC_WARN_UNINITIALIZED_AUTOS = YES_AGGRESSIVE;
				GCC_WARN_UNUSED_FUNCTION = YES;
				GCC_WARN_UNUSED_VARIABLE = YES;
				IPHONEOS_DEPLOYMENT_TARGET = 14.3;
				MTL_ENABLE_DEBUG_INFO = NO;
				MTL_FAST_MATH = YES;
				SDKROOT = iphoneos;
				SWIFT_COMPILATION_MODE = wholemodule;
				SWIFT_OPTIMIZATION_LEVEL = "-O";
				VALIDATE_PRODUCT = YES;
				VERSIONING_SYSTEM = "apple-generic";
				VERSION_INFO_PREFIX = "";
			};
			name = Release;
		};
		1CF1A8D428F2BF80005FD2B2 /* Debug */ = {
			isa = XCBuildConfiguration;
			buildSettings = {
				CLANG_ENABLE_MODULES = YES;
				CODE_SIGN_STYLE = Automatic;
				DEFINES_MODULE = YES;
				DEVELOPMENT_TEAM = 93H5743QJF;
				DYLIB_COMPATIBILITY_VERSION = 1;
				DYLIB_CURRENT_VERSION = 1;
				DYLIB_INSTALL_NAME_BASE = "@rpath";
				INFOPLIST_FILE = Cart/SupportingFiles/Info.plist;
				INSTALL_PATH = "$(LOCAL_LIBRARY_DIR)/Frameworks";
				LD_RUNPATH_SEARCH_PATHS = (
					"$(inherited)",
					"@executable_path/Frameworks",
					"@loader_path/Frameworks",
				);
				PRODUCT_BUNDLE_IDENTIFIER = com.willchen.Cart;
				PRODUCT_NAME = "$(TARGET_NAME:c99extidentifier)";
				SKIP_INSTALL = YES;
				SWIFT_OPTIMIZATION_LEVEL = "-Onone";
				SWIFT_VERSION = 5.0;
				TARGETED_DEVICE_FAMILY = "1,2";
			};
			name = Debug;
		};
		1CF1A8D528F2BF80005FD2B2 /* Release */ = {
			isa = XCBuildConfiguration;
			buildSettings = {
				CLANG_ENABLE_MODULES = YES;
				CODE_SIGN_STYLE = Automatic;
				DEFINES_MODULE = YES;
				DEVELOPMENT_TEAM = 93H5743QJF;
				DYLIB_COMPATIBILITY_VERSION = 1;
				DYLIB_CURRENT_VERSION = 1;
				DYLIB_INSTALL_NAME_BASE = "@rpath";
				INFOPLIST_FILE = Cart/SupportingFiles/Info.plist;
				INSTALL_PATH = "$(LOCAL_LIBRARY_DIR)/Frameworks";
				LD_RUNPATH_SEARCH_PATHS = (
					"$(inherited)",
					"@executable_path/Frameworks",
					"@loader_path/Frameworks",
				);
				PRODUCT_BUNDLE_IDENTIFIER = com.willchen.Cart;
				PRODUCT_NAME = "$(TARGET_NAME:c99extidentifier)";
				SKIP_INSTALL = YES;
				SWIFT_VERSION = 5.0;
				TARGETED_DEVICE_FAMILY = "1,2";
			};
			name = Release;
		};
/* End XCBuildConfiguration section */

/* Begin XCConfigurationList section */
		1CF1A8C528F2BF80005FD2B2 /* Build configuration list for PBXProject "Cart" */ = {
			isa = XCConfigurationList;
			buildConfigurations = (
				1CF1A8D128F2BF80005FD2B2 /* Debug */,
				1CF1A8D228F2BF80005FD2B2 /* Release */,
			);
			defaultConfigurationIsVisible = 0;
			defaultConfigurationName = Release;
		};
		1CF1A8D328F2BF80005FD2B2 /* Build configuration list for PBXNativeTarget "Cart" */ = {
			isa = XCConfigurationList;
			buildConfigurations = (
				1CF1A8D428F2BF80005FD2B2 /* Debug */,
				1CF1A8D528F2BF80005FD2B2 /* Release */,
			);
			defaultConfigurationIsVisible = 0;
			defaultConfigurationName = Release;
		};
/* End XCConfigurationList section */
	};
	rootObject = 1CF1A8C228F2BF80005FD2B2 /* Project object */;
}
